
Microsoft Visual Studio Solution File, Format Version 12.00
# Visual Studio Version 17
VisualStudioVersion = 17.13.35825.156 d17.13
MinimumVisualStudioVersion = 10.0.40219.1
Project("{FAE04EC0-301F-11D3-BF4B-00C04F79EFBC}") = "ConsoleEngine", "ConsoleEngine\ConsoleEngine.csproj", "{5D90879B-0BE0-4703-AF82-EA066C7B6DB2}"
EndProject
Global
	GlobalSection(SolutionConfigurationPlatforms) = preSolution
		Debug|Any CPU = Debug|Any CPU
		Release|Any CPU = Release|Any CPU
	EndGlobalSection
	GlobalSection(ProjectConfigurationPlatforms) = postSolution
		{5D90879B-0BE0-4703-AF82-EA066C7B6DB2}.Debug|Any CPU.ActiveCfg = Debug|Any CPU
		{5D90879B-0BE0-4703-AF82-EA066C7B6DB2}.Debug|Any CPU.Build.0 = Debug|Any CPU
		{5D90879B-0BE0-4703-AF82-EA066C7B6DB2}.Release|Any CPU.ActiveCfg = Release|Any CPU
		{5D90879B-0BE0-4703-AF82-EA066C7B6DB2}.Release|Any CPU.Build.0 = Release|Any CPU
	EndGlobalSection
	GlobalSection(SolutionProperties) = preSolution
		HideSolutionNode = FALSE
	EndGlobalSection
	GlobalSection(ExtensibilityGlobals) = postSolution
		SolutionGuid = {30487EAD-D61F-468F-BCA0-B1DF21CEA1A8}
	EndGlobalSection
EndGlobal
